
Microsoft Visual Studio Solution File, Format Version 12.00
# Visual Studio 15
VisualStudioVersion = 15.0.27428.2005
MinimumVisualStudioVersion = 10.0.40219.1
Project("{FAE04EC0-301F-11D3-BF4B-00C04F79EFBC}") = "EmpManagement.Android", "EmpManagement\EmpManagement.Android\EmpManagement.Android.csproj", "{59051A40-FF63-4DC7-87DF-38335268361D}"
EndProject
Project("{FAE04EC0-301F-11D3-BF4B-00C04F79EFBC}") = "EmpManagement.iOS", "EmpManagement\EmpManagement.iOS\EmpManagement.iOS.csproj", "{7CE5AFDF-0686-4DBB-ACAF-13A2E2B0F69F}"
EndProject
Project("{FAE04EC0-301F-11D3-BF4B-00C04F79EFBC}") = "EmpManagement.UWP", "EmpManagement\EmpManagement.UWP\EmpManagement.UWP.csproj", "{31F7A8C0-7B4B-42A3-AF5F-92CA1F4B3A69}"
EndProject
Project("{FAE04EC0-301F-11D3-BF4B-00C04F79EFBC}") = "EmpManagement", "EmpManagement\EmpManagement\EmpManagement.csproj", "{CC2BC76A-8816-45D5-AA34-9C7F0E91E4EB}"
EndProject
Global
	GlobalSection(SolutionConfigurationPlatforms) = preSolution
		Ad-Hoc|Any CPU = Ad-Hoc|Any CPU
		Ad-Hoc|ARM = Ad-Hoc|ARM
		Ad-Hoc|iPhone = Ad-Hoc|iPhone
		Ad-Hoc|iPhoneSimulator = Ad-Hoc|iPhoneSimulator
		Ad-Hoc|x64 = Ad-Hoc|x64
		Ad-Hoc|x86 = Ad-Hoc|x86
		AppStore|Any CPU = AppStore|Any CPU
		AppStore|ARM = AppStore|ARM
		AppStore|iPhone = AppStore|iPhone
		AppStore|iPhoneSimulator = AppStore|iPhoneSimulator
		AppStore|x64 = AppStore|x64
		AppStore|x86 = AppStore|x86
		Debug|Any CPU = Debug|Any CPU
		Debug|ARM = Debug|ARM
		Debug|iPhone = Debug|iPhone
		Debug|iPhoneSimulator = Debug|iPhoneSimulator
		Debug|x64 = Debug|x64
		Debug|x86 = Debug|x86
		Release|Any CPU = Release|Any CPU
		Release|ARM = Release|ARM
		Release|iPhone = Release|iPhone
		Release|iPhoneSimulator = Release|iPhoneSimulator
		Release|x64 = Release|x64
		Release|x86 = Release|x86
	EndGlobalSection
	GlobalSection(ProjectConfigurationPlatforms) = postSolution
		{59051A40-FF63-4DC7-87DF-38335268361D}.Ad-Hoc|Any CPU.ActiveCfg = Release|Any CPU
		{59051A40-FF63-4DC7-87DF-38335268361D}.Ad-Hoc|Any CPU.Build.0 = Release|Any CPU
		{59051A40-FF63-4DC7-87DF-38335268361D}.Ad-Hoc|Any CPU.Deploy.0 = Release|Any CPU
		{59051A40-FF63-4DC7-87DF-38335268361D}.Ad-Hoc|ARM.ActiveCfg = Release|Any CPU
		{59051A40-FF63-4DC7-87DF-38335268361D}.Ad-Hoc|ARM.Build.0 = Release|Any CPU
		{59051A40-FF63-4DC7-87DF-38335268361D}.Ad-Hoc|ARM.Deploy.0 = Release|Any CPU
		{59051A40-FF63-4DC7-87DF-38335268361D}.Ad-Hoc|iPhone.ActiveCfg = Release|Any CPU
		{59051A40-FF63-4DC7-87DF-38335268361D}.Ad-Hoc|iPhone.Build.0 = Release|Any CPU
		{59051A40-FF63-4DC7-87DF-38335268361D}.Ad-Hoc|iPhone.Deploy.0 = Release|Any CPU
		{59051A40-FF63-4DC7-87DF-38335268361D}.Ad-Hoc|iPhoneSimulator.ActiveCfg = Release|Any CPU
		{59051A40-FF63-4DC7-87DF-38335268361D}.Ad-Hoc|iPhoneSimulator.Build.0 = Release|Any CPU
		{59051A40-FF63-4DC7-87DF-38335268361D}.Ad-Hoc|iPhoneSimulator.Deploy.0 = Release|Any CPU
		{59051A40-FF63-4DC7-87DF-38335268361D}.Ad-Hoc|x64.ActiveCfg = Release|Any CPU
		{59051A40-FF63-4DC7-87DF-38335268361D}.Ad-Hoc|x64.Build.0 = Release|Any CPU
		{59051A40-FF63-4DC7-87DF-38335268361D}.Ad-Hoc|x64.Deploy.0 = Release|Any CPU
		{59051A40-FF63-4DC7-87DF-38335268361D}.Ad-Hoc|x86.ActiveCfg = Release|Any CPU
		{59051A40-FF63-4DC7-87DF-38335268361D}.Ad-Hoc|x86.Build.0 = Release|Any CPU
		{59051A40-FF63-4DC7-87DF-38335268361D}.Ad-Hoc|x86.Deploy.0 = Release|Any CPU
		{59051A40-FF63-4DC7-87DF-38335268361D}.AppStore|Any CPU.ActiveCfg = Release|Any CPU
		{59051A40-FF63-4DC7-87DF-38335268361D}.AppStore|Any CPU.Build.0 = Release|Any CPU
		{59051A40-FF63-4DC7-87DF-38335268361D}.AppStore|Any CPU.Deploy.0 = Release|Any CPU
		{59051A40-FF63-4DC7-87DF-38335268361D}.AppStore|ARM.ActiveCfg = Release|Any CPU
		{59051A40-FF63-4DC7-87DF-38335268361D}.AppStore|ARM.Build.0 = Release|Any CPU
		{59051A40-FF63-4DC7-87DF-38335268361D}.AppStore|ARM.Deploy.0 = Release|Any CPU
		{59051A40-FF63-4DC7-87DF-38335268361D}.AppStore|iPhone.ActiveCfg = Release|Any CPU
		{59051A40-FF63-4DC7-87DF-38335268361D}.AppStore|iPhone.Build.0 = Release|Any CPU
		{59051A40-FF63-4DC7-87DF-38335268361D}.AppStore|iPhone.Deploy.0 = Release|Any CPU
		{59051A40-FF63-4DC7-87DF-38335268361D}.AppStore|iPhoneSimulator.ActiveCfg = Release|Any CPU
		{59051A40-FF63-4DC7-87DF-38335268361D}.AppStore|iPhoneSimulator.Build.0 = Release|Any CPU
		{59051A40-FF63-4DC7-87DF-38335268361D}.AppStore|iPhoneSimulator.Deploy.0 = Release|Any CPU
		{59051A40-FF63-4DC7-87DF-38335268361D}.AppStore|x64.ActiveCfg = Release|Any CPU
		{59051A40-FF63-4DC7-87DF-38335268361D}.AppStore|x64.Build.0 = Release|Any CPU
		{59051A40-FF63-4DC7-87DF-38335268361D}.AppStore|x64.Deploy.0 = Release|Any CPU
		{59051A40-FF63-4DC7-87DF-38335268361D}.AppStore|x86.ActiveCfg = Release|Any CPU
		{59051A40-FF63-4DC7-87DF-38335268361D}.AppStore|x86.Build.0 = Release|Any CPU
		{59051A40-FF63-4DC7-87DF-38335268361D}.AppStore|x86.Deploy.0 = Release|Any CPU
		{59051A40-FF63-4DC7-87DF-38335268361D}.Debug|Any CPU.ActiveCfg = Debug|Any CPU
		{59051A40-FF63-4DC7-87DF-38335268361D}.Debug|Any CPU.Build.0 = Debug|Any CPU
		{59051A40-FF63-4DC7-87DF-38335268361D}.Debug|Any CPU.Deploy.0 = Debug|Any CPU
		{59051A40-FF63-4DC7-87DF-38335268361D}.Debug|ARM.ActiveCfg = Debug|Any CPU
		{59051A40-FF63-4DC7-87DF-38335268361D}.Debug|ARM.Build.0 = Debug|Any CPU
		{59051A40-FF63-4DC7-87DF-38335268361D}.Debug|ARM.Deploy.0 = Debug|Any CPU
		{59051A40-FF63-4DC7-87DF-38335268361D}.Debug|iPhone.ActiveCfg = Debug|Any CPU
		{59051A40-FF63-4DC7-87DF-38335268361D}.Debug|iPhone.Build.0 = Debug|Any CPU
		{59051A40-FF63-4DC7-87DF-38335268361D}.Debug|iPhone.Deploy.0 = Debug|Any CPU
		{59051A40-FF63-4DC7-87DF-38335268361D}.Debug|iPhoneSimulator.ActiveCfg = Debug|Any CPU
		{59051A40-FF63-4DC7-87DF-38335268361D}.Debug|iPhoneSimulator.Build.0 = Debug|Any CPU
		{59051A40-FF63-4DC7-87DF-38335268361D}.Debug|iPhoneSimulator.Deploy.0 = Debug|Any CPU
		{59051A40-FF63-4DC7-87DF-38335268361D}.Debug|x64.ActiveCfg = Debug|Any CPU
		{59051A40-FF63-4DC7-87DF-38335268361D}.Debug|x64.Build.0 = Debug|Any CPU
		{59051A40-FF63-4DC7-87DF-38335268361D}.Debug|x64.Deploy.0 = Debug|Any CPU
		{59051A40-FF63-4DC7-87DF-38335268361D}.Debug|x86.ActiveCfg = Debug|Any CPU
		{59051A40-FF63-4DC7-87DF-38335268361D}.Debug|x86.Build.0 = Debug|Any CPU
		{59051A40-FF63-4DC7-87DF-38335268361D}.Debug|x86.Deploy.0 = Debug|Any CPU
		{59051A40-FF63-4DC7-87DF-38335268361D}.Release|Any CPU.ActiveCfg = Release|Any CPU
		{59051A40-FF63-4DC7-87DF-38335268361D}.Release|Any CPU.Build.0 = Release|Any CPU
		{59051A40-FF63-4DC7-87DF-38335268361D}.Release|Any CPU.Deploy.0 = Release|Any CPU
		{59051A40-FF63-4DC7-87DF-38335268361D}.Release|ARM.ActiveCfg = Release|Any CPU
		{59051A40-FF63-4DC7-87DF-38335268361D}.Release|ARM.Build.0 = Release|Any CPU
		{59051A40-FF63-4DC7-87DF-38335268361D}.Release|ARM.Deploy.0 = Release|Any CPU
		{59051A40-FF63-4DC7-87DF-38335268361D}.Release|iPhone.ActiveCfg = Release|Any CPU
		{59051A40-FF63-4DC7-87DF-38335268361D}.Release|iPhone.Build.0 = Release|Any CPU
		{59051A40-FF63-4DC7-87DF-38335268361D}.Release|iPhone.Deploy.0 = Release|Any CPU
		{59051A40-FF63-4DC7-87DF-38335268361D}.Release|iPhoneSimulator.ActiveCfg = Release|Any CPU
		{59051A40-FF63-4DC7-87DF-38335268361D}.Release|iPhoneSimulator.Build.0 = Release|Any CPU
		{59051A40-FF63-4DC7-87DF-38335268361D}.Release|iPhoneSimulator.Deploy.0 = Release|Any CPU
		{59051A40-FF63-4DC7-87DF-38335268361D}.Release|x64.ActiveCfg = Release|Any CPU
		{59051A40-FF63-4DC7-87DF-38335268361D}.Release|x64.Build.0 = Release|Any CPU
		{59051A40-FF63-4DC7-87DF-38335268361D}.Release|x64.Deploy.0 = Release|Any CPU
		{59051A40-FF63-4DC7-87DF-38335268361D}.Release|x86.ActiveCfg = Release|Any CPU
		{59051A40-FF63-4DC7-87DF-38335268361D}.Release|x86.Build.0 = Release|Any CPU
		{59051A40-FF63-4DC7-87DF-38335268361D}.Release|x86.Deploy.0 = Release|Any CPU
		{7CE5AFDF-0686-4DBB-ACAF-13A2E2B0F69F}.Ad-Hoc|Any CPU.ActiveCfg = Ad-Hoc|iPhone
		{7CE5AFDF-0686-4DBB-ACAF-13A2E2B0F69F}.Ad-Hoc|ARM.ActiveCfg = Ad-Hoc|iPhone
		{7CE5AFDF-0686-4DBB-ACAF-13A2E2B0F69F}.Ad-Hoc|iPhone.ActiveCfg = Ad-Hoc|iPhone
		{7CE5AFDF-0686-4DBB-ACAF-13A2E2B0F69F}.Ad-Hoc|iPhone.Build.0 = Ad-Hoc|iPhone
		{7CE5AFDF-0686-4DBB-ACAF-13A2E2B0F69F}.Ad-Hoc|iPhoneSimulator.ActiveCfg = Ad-Hoc|iPhoneSimulator
		{7CE5AFDF-0686-4DBB-ACAF-13A2E2B0F69F}.Ad-Hoc|iPhoneSimulator.Build.0 = Ad-Hoc|iPhoneSimulator
		{7CE5AFDF-0686-4DBB-ACAF-13A2E2B0F69F}.Ad-Hoc|x64.ActiveCfg = Ad-Hoc|iPhone
		{7CE5AFDF-0686-4DBB-ACAF-13A2E2B0F69F}.Ad-Hoc|x86.ActiveCfg = Ad-Hoc|iPhone
		{7CE5AFDF-0686-4DBB-ACAF-13A2E2B0F69F}.AppStore|Any CPU.ActiveCfg = AppStore|iPhone
		{7CE5AFDF-0686-4DBB-ACAF-13A2E2B0F69F}.AppStore|ARM.ActiveCfg = AppStore|iPhone
		{7CE5AFDF-0686-4DBB-ACAF-13A2E2B0F69F}.AppStore|iPhone.ActiveCfg = AppStore|iPhone
		{7CE5AFDF-0686-4DBB-ACAF-13A2E2B0F69F}.AppStore|iPhone.Build.0 = AppStore|iPhone
		{7CE5AFDF-0686-4DBB-ACAF-13A2E2B0F69F}.AppStore|iPhoneSimulator.ActiveCfg = AppStore|iPhoneSimulator
		{7CE5AFDF-0686-4DBB-ACAF-13A2E2B0F69F}.AppStore|iPhoneSimulator.Build.0 = AppStore|iPhoneSimulator
		{7CE5AFDF-0686-4DBB-ACAF-13A2E2B0F69F}.AppStore|x64.ActiveCfg = AppStore|iPhone
		{7CE5AFDF-0686-4DBB-ACAF-13A2E2B0F69F}.AppStore|x86.ActiveCfg = AppStore|iPhone
		{7CE5AFDF-0686-4DBB-ACAF-13A2E2B0F69F}.Debug|Any CPU.ActiveCfg = Debug|iPhone
		{7CE5AFDF-0686-4DBB-ACAF-13A2E2B0F69F}.Debug|ARM.ActiveCfg = Debug|iPhone
		{7CE5AFDF-0686-4DBB-ACAF-13A2E2B0F69F}.Debug|iPhone.ActiveCfg = Debug|iPhone
		{7CE5AFDF-0686-4DBB-ACAF-13A2E2B0F69F}.Debug|iPhone.Build.0 = Debug|iPhone
		{7CE5AFDF-0686-4DBB-ACAF-13A2E2B0F69F}.Debug|iPhoneSimulator.ActiveCfg = Debug|iPhoneSimulator
		{7CE5AFDF-0686-4DBB-ACAF-13A2E2B0F69F}.Debug|iPhoneSimulator.Build.0 = Debug|iPhoneSimulator
		{7CE5AFDF-0686-4DBB-ACAF-13A2E2B0F69F}.Debug|x64.ActiveCfg = Debug|iPhone
		{7CE5AFDF-0686-4DBB-ACAF-13A2E2B0F69F}.Debug|x86.ActiveCfg = Debug|iPhone
		{7CE5AFDF-0686-4DBB-ACAF-13A2E2B0F69F}.Release|Any CPU.ActiveCfg = Release|iPhone
		{7CE5AFDF-0686-4DBB-ACAF-13A2E2B0F69F}.Release|ARM.ActiveCfg = Release|iPhone
		{7CE5AFDF-0686-4DBB-ACAF-13A2E2B0F69F}.Release|iPhone.ActiveCfg = Release|iPhone
		{7CE5AFDF-0686-4DBB-ACAF-13A2E2B0F69F}.Release|iPhone.Build.0 = Release|iPhone
		{7CE5AFDF-0686-4DBB-ACAF-13A2E2B0F69F}.Release|iPhoneSimulator.ActiveCfg = Release|iPhoneSimulator
		{7CE5AFDF-0686-4DBB-ACAF-13A2E2B0F69F}.Release|iPhoneSimulator.Build.0 = Release|iPhoneSimulator
		{7CE5AFDF-0686-4DBB-ACAF-13A2E2B0F69F}.Release|x64.ActiveCfg = Release|iPhone
		{7CE5AFDF-0686-4DBB-ACAF-13A2E2B0F69F}.Release|x86.ActiveCfg = Release|iPhone
		{31F7A8C0-7B4B-42A3-AF5F-92CA1F4B3A69}.Ad-Hoc|Any CPU.ActiveCfg = Release|x86
		{31F7A8C0-7B4B-42A3-AF5F-92CA1F4B3A69}.Ad-Hoc|Any CPU.Build.0 = Release|x86
		{31F7A8C0-7B4B-42A3-AF5F-92CA1F4B3A69}.Ad-Hoc|Any CPU.Deploy.0 = Release|x86
		{31F7A8C0-7B4B-42A3-AF5F-92CA1F4B3A69}.Ad-Hoc|ARM.ActiveCfg = Release|ARM
		{31F7A8C0-7B4B-42A3-AF5F-92CA1F4B3A69}.Ad-Hoc|ARM.Build.0 = Release|ARM
		{31F7A8C0-7B4B-42A3-AF5F-92CA1F4B3A69}.Ad-Hoc|ARM.Deploy.0 = Release|ARM
		{31F7A8C0-7B4B-42A3-AF5F-92CA1F4B3A69}.Ad-Hoc|iPhone.ActiveCfg = Release|x86
		{31F7A8C0-7B4B-42A3-AF5F-92CA1F4B3A69}.Ad-Hoc|iPhone.Build.0 = Release|x86
		{31F7A8C0-7B4B-42A3-AF5F-92CA1F4B3A69}.Ad-Hoc|iPhone.Deploy.0 = Release|x86
		{31F7A8C0-7B4B-42A3-AF5F-92CA1F4B3A69}.Ad-Hoc|iPhoneSimulator.ActiveCfg = Release|x86
		{31F7A8C0-7B4B-42A3-AF5F-92CA1F4B3A69}.Ad-Hoc|iPhoneSimulator.Build.0 = Release|x86
		{31F7A8C0-7B4B-42A3-AF5F-92CA1F4B3A69}.Ad-Hoc|iPhoneSimulator.Deploy.0 = Release|x86
		{31F7A8C0-7B4B-42A3-AF5F-92CA1F4B3A69}.Ad-Hoc|x64.ActiveCfg = Release|x64
		{31F7A8C0-7B4B-42A3-AF5F-92CA1F4B3A69}.Ad-Hoc|x64.Build.0 = Release|x64
		{31F7A8C0-7B4B-42A3-AF5F-92CA1F4B3A69}.Ad-Hoc|x64.Deploy.0 = Release|x64
		{31F7A8C0-7B4B-42A3-AF5F-92CA1F4B3A69}.Ad-Hoc|x86.ActiveCfg = Release|x86
		{31F7A8C0-7B4B-42A3-AF5F-92CA1F4B3A69}.Ad-Hoc|x86.Build.0 = Release|x86
		{31F7A8C0-7B4B-42A3-AF5F-92CA1F4B3A69}.Ad-Hoc|x86.Deploy.0 = Release|x86
		{31F7A8C0-7B4B-42A3-AF5F-92CA1F4B3A69}.AppStore|Any CPU.ActiveCfg = Release|x86
		{31F7A8C0-7B4B-42A3-AF5F-92CA1F4B3A69}.AppStore|Any CPU.Build.0 = Release|x86
		{31F7A8C0-7B4B-42A3-AF5F-92CA1F4B3A69}.AppStore|Any CPU.Deploy.0 = Release|x86
		{31F7A8C0-7B4B-42A3-AF5F-92CA1F4B3A69}.AppStore|ARM.ActiveCfg = Release|ARM
		{31F7A8C0-7B4B-42A3-AF5F-92CA1F4B3A69}.AppStore|ARM.Build.0 = Release|ARM
		{31F7A8C0-7B4B-42A3-AF5F-92CA1F4B3A69}.AppStore|ARM.Deploy.0 = Release|ARM
		{31F7A8C0-7B4B-42A3-AF5F-92CA1F4B3A69}.AppStore|iPhone.ActiveCfg = Release|x86
		{31F7A8C0-7B4B-42A3-AF5F-92CA1F4B3A69}.AppStore|iPhone.Build.0 = Release|x86
		{31F7A8C0-7B4B-42A3-AF5F-92CA1F4B3A69}.AppStore|iPhone.Deploy.0 = Release|x86
		{31F7A8C0-7B4B-42A3-AF5F-92CA1F4B3A69}.AppStore|iPhoneSimulator.ActiveCfg = Release|x86
		{31F7A8C0-7B4B-42A3-AF5F-92CA1F4B3A69}.AppStore|iPhoneSimulator.Build.0 = Release|x86
		{31F7A8C0-7B4B-42A3-AF5F-92CA1F4B3A69}.AppStore|iPhoneSimulator.Deploy.0 = Release|x86
		{31F7A8C0-7B4B-42A3-AF5F-92CA1F4B3A69}.AppStore|x64.ActiveCfg = Release|x64
		{31F7A8C0-7B4B-42A3-AF5F-92CA1F4B3A69}.AppStore|x64.Build.0 = Release|x64
		{31F7A8C0-7B4B-42A3-AF5F-92CA1F4B3A69}.AppStore|x64.Deploy.0 = Release|x64
		{31F7A8C0-7B4B-42A3-AF5F-92CA1F4B3A69}.AppStore|x86.ActiveCfg = Release|x86
		{31F7A8C0-7B4B-42A3-AF5F-92CA1F4B3A69}.AppStore|x86.Build.0 = Release|x86
		{31F7A8C0-7B4B-42A3-AF5F-92CA1F4B3A69}.AppStore|x86.Deploy.0 = Release|x86
		{31F7A8C0-7B4B-42A3-AF5F-92CA1F4B3A69}.Debug|Any CPU.ActiveCfg = Debug|x86
		{31F7A8C0-7B4B-42A3-AF5F-92CA1F4B3A69}.Debug|ARM.ActiveCfg = Debug|ARM
		{31F7A8C0-7B4B-42A3-AF5F-92CA1F4B3A69}.Debug|ARM.Build.0 = Debug|ARM
		{31F7A8C0-7B4B-42A3-AF5F-92CA1F4B3A69}.Debug|ARM.Deploy.0 = Debug|ARM
		{31F7A8C0-7B4B-42A3-AF5F-92CA1F4B3A69}.Debug|iPhone.ActiveCfg = Debug|x86
		{31F7A8C0-7B4B-42A3-AF5F-92CA1F4B3A69}.Debug|iPhoneSimulator.ActiveCfg = Debug|x86
		{31F7A8C0-7B4B-42A3-AF5F-92CA1F4B3A69}.Debug|x64.ActiveCfg = Debug|x64
		{31F7A8C0-7B4B-42A3-AF5F-92CA1F4B3A69}.Debug|x64.Build.0 = Debug|x64
		{31F7A8C0-7B4B-42A3-AF5F-92CA1F4B3A69}.Debug|x64.Deploy.0 = Debug|x64
		{31F7A8C0-7B4B-42A3-AF5F-92CA1F4B3A69}.Debug|x86.ActiveCfg = Debug|x86
		{31F7A8C0-7B4B-42A3-AF5F-92CA1F4B3A69}.Debug|x86.Build.0 = Debug|x86
		{31F7A8C0-7B4B-42A3-AF5F-92CA1F4B3A69}.Debug|x86.Deploy.0 = Debug|x86
		{31F7A8C0-7B4B-42A3-AF5F-92CA1F4B3A69}.Release|Any CPU.ActiveCfg = Release|x86
		{31F7A8C0-7B4B-42A3-AF5F-92CA1F4B3A69}.Release|ARM.ActiveCfg = Release|ARM
		{31F7A8C0-7B4B-42A3-AF5F-92CA1F4B3A69}.Release|ARM.Build.0 = Release|ARM
		{31F7A8C0-7B4B-42A3-AF5F-92CA1F4B3A69}.Release|ARM.Deploy.0 = Release|ARM
		{31F7A8C0-7B4B-42A3-AF5F-92CA1F4B3A69}.Release|iPhone.ActiveCfg = Release|x86
		{31F7A8C0-7B4B-42A3-AF5F-92CA1F4B3A69}.Release|iPhoneSimulator.ActiveCfg = Release|x86
		{31F7A8C0-7B4B-42A3-AF5F-92CA1F4B3A69}.Release|x64.ActiveCfg = Release|x64
		{31F7A8C0-7B4B-42A3-AF5F-92CA1F4B3A69}.Release|x64.Build.0 = Release|x64
		{31F7A8C0-7B4B-42A3-AF5F-92CA1F4B3A69}.Release|x64.Deploy.0 = Release|x64
		{31F7A8C0-7B4B-42A3-AF5F-92CA1F4B3A69}.Release|x86.ActiveCfg = Release|x86
		{31F7A8C0-7B4B-42A3-AF5F-92CA1F4B3A69}.Release|x86.Build.0 = Release|x86
		{31F7A8C0-7B4B-42A3-AF5F-92CA1F4B3A69}.Release|x86.Deploy.0 = Release|x86
		{CC2BC76A-8816-45D5-AA34-9C7F0E91E4EB}.Ad-Hoc|Any CPU.ActiveCfg = Debug|Any CPU
		{CC2BC76A-8816-45D5-AA34-9C7F0E91E4EB}.Ad-Hoc|Any CPU.Build.0 = Debug|Any CPU
		{CC2BC76A-8816-45D5-AA34-9C7F0E91E4EB}.Ad-Hoc|ARM.ActiveCfg = Debug|Any CPU
		{CC2BC76A-8816-45D5-AA34-9C7F0E91E4EB}.Ad-Hoc|ARM.Build.0 = Debug|Any CPU
		{CC2BC76A-8816-45D5-AA34-9C7F0E91E4EB}.Ad-Hoc|iPhone.ActiveCfg = Debug|Any CPU
		{CC2BC76A-8816-45D5-AA34-9C7F0E91E4EB}.Ad-Hoc|iPhone.Build.0 = Debug|Any CPU
		{CC2BC76A-8816-45D5-AA34-9C7F0E91E4EB}.Ad-Hoc|iPhoneSimulator.ActiveCfg = Debug|Any CPU
		{CC2BC76A-8816-45D5-AA34-9C7F0E91E4EB}.Ad-Hoc|iPhoneSimulator.Build.0 = Debug|Any CPU
		{CC2BC76A-8816-45D5-AA34-9C7F0E91E4EB}.Ad-Hoc|x64.ActiveCfg = Debug|Any CPU
		{CC2BC76A-8816-45D5-AA34-9C7F0E91E4EB}.Ad-Hoc|x64.Build.0 = Debug|Any CPU
		{CC2BC76A-8816-45D5-AA34-9C7F0E91E4EB}.Ad-Hoc|x86.ActiveCfg = Debug|Any CPU
		{CC2BC76A-8816-45D5-AA34-9C7F0E91E4EB}.Ad-Hoc|x86.Build.0 = Debug|Any CPU
		{CC2BC76A-8816-45D5-AA34-9C7F0E91E4EB}.AppStore|Any CPU.ActiveCfg = Debug|Any CPU
		{CC2BC76A-8816-45D5-AA34-9C7F0E91E4EB}.AppStore|Any CPU.Build.0 = Debug|Any CPU
		{CC2BC76A-8816-45D5-AA34-9C7F0E91E4EB}.AppStore|ARM.ActiveCfg = Debug|Any CPU
		{CC2BC76A-8816-45D5-AA34-9C7F0E91E4EB}.AppStore|ARM.Build.0 = Debug|Any CPU
		{CC2BC76A-8816-45D5-AA34-9C7F0E91E4EB}.AppStore|iPhone.ActiveCfg = Debug|Any CPU
		{CC2BC76A-8816-45D5-AA34-9C7F0E91E4EB}.AppStore|iPhone.Build.0 = Debug|Any CPU
		{CC2BC76A-8816-45D5-AA34-9C7F0E91E4EB}.AppStore|iPhoneSimulator.ActiveCfg = Debug|Any CPU
		{CC2BC76A-8816-45D5-AA34-9C7F0E91E4EB}.AppStore|iPhoneSimulator.Build.0 = Debug|Any CPU
		{CC2BC76A-8816-45D5-AA34-9C7F0E91E4EB}.AppStore|x64.ActiveCfg = Debug|Any CPU
		{CC2BC76A-8816-45D5-AA34-9C7F0E91E4EB}.AppStore|x64.Build.0 = Debug|Any CPU
		{CC2BC76A-8816-45D5-AA34-9C7F0E91E4EB}.AppStore|x86.ActiveCfg = Debug|Any CPU
		{CC2BC76A-8816-45D5-AA34-9C7F0E91E4EB}.AppStore|x86.Build.0 = Debug|Any CPU
		{CC2BC76A-8816-45D5-AA34-9C7F0E91E4EB}.Debug|Any CPU.ActiveCfg = Debug|Any CPU
		{CC2BC76A-8816-45D5-AA34-9C7F0E91E4EB}.Debug|Any CPU.Build.0 = Debug|Any CPU
		{CC2BC76A-8816-45D5-AA34-9C7F0E91E4EB}.Debug|ARM.ActiveCfg = Debug|Any CPU
		{CC2BC76A-8816-45D5-AA34-9C7F0E91E4EB}.Debug|ARM.Build.0 = Debug|Any CPU
		{CC2BC76A-8816-45D5-AA34-9C7F0E91E4EB}.Debug|iPhone.ActiveCfg = Debug|Any CPU
		{CC2BC76A-8816-45D5-AA34-9C7F0E91E4EB}.Debug|iPhone.Build.0 = Debug|Any CPU
		{CC2BC76A-8816-45D5-AA34-9C7F0E91E4EB}.Debug|iPhoneSimulator.ActiveCfg = Debug|Any CPU
		{CC2BC76A-8816-45D5-AA34-9C7F0E91E4EB}.Debug|iPhoneSimulator.Build.0 = Debug|Any CPU
		{CC2BC76A-8816-45D5-AA34-9C7F0E91E4EB}.Debug|x64.ActiveCfg = Debug|Any CPU
		{CC2BC76A-8816-45D5-AA34-9C7F0E91E4EB}.Debug|x64.Build.0 = Debug|Any CPU
		{CC2BC76A-8816-45D5-AA34-9C7F0E91E4EB}.Debug|x86.ActiveCfg = Debug|Any CPU
		{CC2BC76A-8816-45D5-AA34-9C7F0E91E4EB}.Debug|x86.Build.0 = Debug|Any CPU
		{CC2BC76A-8816-45D5-AA34-9C7F0E91E4EB}.Release|Any CPU.ActiveCfg = Release|Any CPU
		{CC2BC76A-8816-45D5-AA34-9C7F0E91E4EB}.Release|Any CPU.Build.0 = Release|Any CPU
		{CC2BC76A-8816-45D5-AA34-9C7F0E91E4EB}.Release|ARM.ActiveCfg = Release|Any CPU
		{CC2BC76A-8816-45D5-AA34-9C7F0E91E4EB}.Release|ARM.Build.0 = Release|Any CPU
		{CC2BC76A-8816-45D5-AA34-9C7F0E91E4EB}.Release|iPhone.ActiveCfg = Release|Any CPU
		{CC2BC76A-8816-45D5-AA34-9C7F0E91E4EB}.Release|iPhone.Build.0 = Release|Any CPU
		{CC2BC76A-8816-45D5-AA34-9C7F0E91E4EB}.Release|iPhoneSimulator.ActiveCfg = Release|Any CPU
		{CC2BC76A-8816-45D5-AA34-9C7F0E91E4EB}.Release|iPhoneSimulator.Build.0 = Release|Any CPU
		{CC2BC76A-8816-45D5-AA34-9C7F0E91E4EB}.Release|x64.ActiveCfg = Release|Any CPU
		{CC2BC76A-8816-45D5-AA34-9C7F0E91E4EB}.Release|x64.Build.0 = Release|Any CPU
		{CC2BC76A-8816-45D5-AA34-9C7F0E91E4EB}.Release|x86.ActiveCfg = Release|Any CPU
		{CC2BC76A-8816-45D5-AA34-9C7F0E91E4EB}.Release|x86.Build.0 = Release|Any CPU
	EndGlobalSection
	GlobalSection(SolutionProperties) = preSolution
		HideSolutionNode = FALSE
	EndGlobalSection
	GlobalSection(ExtensibilityGlobals) = postSolution
		SolutionGuid = {4F3ECAE7-9BC9-4B66-A929-F351A1B8B665}
	EndGlobalSection
EndGlobal
